
Microsoft Visual Studio Solution File, Format Version 12.00
# Visual Studio Version 16
VisualStudioVersion = 16.0.30413.136
MinimumVisualStudioVersion = 10.0.40219.1
Project("{FAE04EC0-301F-11D3-BF4B-00C04F79EFBC}") = "autoService", "autoService\autoService.csproj", "{9A1341C1-6BE1-4074-A037-E4FAB8CD4D9B}"
EndProject
Global
	GlobalSection(SolutionConfigurationPlatforms) = preSolution
		Debug|Any CPU = Debug|Any CPU
		Release|Any CPU = Release|Any CPU
	EndGlobalSection
	GlobalSection(ProjectConfigurationPlatforms) = postSolution
		{9A1341C1-6BE1-4074-A037-E4FAB8CD4D9B}.Debug|Any CPU.ActiveCfg = Debug|Any CPU
		{9A1341C1-6BE1-4074-A037-E4FAB8CD4D9B}.Debug|Any CPU.Build.0 = Debug|Any CPU
		{9A1341C1-6BE1-4074-A037-E4FAB8CD4D9B}.Release|Any CPU.ActiveCfg = Release|Any CPU
		{9A1341C1-6BE1-4074-A037-E4FAB8CD4D9B}.Release|Any CPU.Build.0 = Release|Any CPU
	EndGlobalSection
	GlobalSection(SolutionProperties) = preSolution
		HideSolutionNode = FALSE
	EndGlobalSection
	GlobalSection(ExtensibilityGlobals) = postSolution
		SolutionGuid = {77A01C48-EC5F-4192-AC18-48A73772FEA4}
	EndGlobalSection
EndGlobal
